
Microsoft Visual Studio Solution File, Format Version 12.00
# Visual Studio Version 17
VisualStudioVersion = 17.13.35806.99 d17.13
MinimumVisualStudioVersion = 10.0.40219.1
Project("{FAE04EC0-301F-11D3-BF4B-00C04F79EFBC}") = "RealTimeWeatherMonitoring", "RealTimeWeatherMonitoring\RealTimeWeatherMonitoring.csproj", "{8A6DB809-F646-49AB-BD54-44377B51913A}"
EndProject
Global
	GlobalSection(SolutionConfigurationPlatforms) = preSolution
		Debug|Any CPU = Debug|Any CPU
		Release|Any CPU = Release|Any CPU
	EndGlobalSection
	GlobalSection(ProjectConfigurationPlatforms) = postSolution
		{8A6DB809-F646-49AB-BD54-44377B51913A}.Debug|Any CPU.ActiveCfg = Debug|Any CPU
		{8A6DB809-F646-49AB-BD54-44377B51913A}.Debug|Any CPU.Build.0 = Debug|Any CPU
		{8A6DB809-F646-49AB-BD54-44377B51913A}.Release|Any CPU.ActiveCfg = Release|Any CPU
		{8A6DB809-F646-49AB-BD54-44377B51913A}.Release|Any CPU.Build.0 = Release|Any CPU
	EndGlobalSection
	GlobalSection(SolutionProperties) = preSolution
		HideSolutionNode = FALSE
	EndGlobalSection
	GlobalSection(ExtensibilityGlobals) = postSolution
		SolutionGuid = {40E7B233-F6E8-4189-8764-22228E057D24}
	EndGlobalSection
EndGlobal
